# This file is automatically @generated by Poetry 2.1.1 and should not be changed by hand.

[[package]]
name = "click"
version = "8.1.8"
description = "Composable command line interface toolkit"
optional = false
python-versions = ">=3.7"
groups = ["main"]
files = [
    {file = "click-8.1.8-py3-none-any.whl", hash = "sha256:63c132bbbed01578a06712a2d1f497bb62d9c1c0d329b7903a866228027263b2"},
    {file = "click-8.1.8.tar.gz", hash = "sha256:ed53c9d8990d83c2a27deae68e4ee337473f6330c040a31d4225c9574d16096a"},
]

[package.dependencies]
colorama = {version = "*", markers = "platform_system == \"Windows\""}

[[package]]
name = "colorama"
version = "0.4.6"
description = "Cross-platform colored terminal text."
optional = false
python-versions = "!=3.0.*,!=3.1.*,!=3.2.*,!=3.3.*,!=3.4.*,!=3.5.*,!=3.6.*,>=2.7"
groups = ["main"]
markers = "platform_system == \"Windows\""
files = [
    {file = "colorama-0.4.6-py2.py3-none-any.whl", hash = "sha256:4f1d9991f5acc0ca119f9d443620b77f9d6b33703e51011c16baf57afb285fc6"},
    {file = "colorama-0.4.6.tar.gz", hash = "sha256:08695f5cb7ed6e0531a20572697297273c47b8cae5a63ffc6d6ed5c201be6e44"},
]

[[package]]
name = "coloredlogs"
version = "15.0.1"
description = "Colored terminal output for Python's logging module"
optional = false
python-versions = ">=2.7, !=3.0.*, !=3.1.*, !=3.2.*, !=3.3.*, !=3.4.*"
groups = ["main"]
files = [
    {file = "coloredlogs-15.0.1-py2.py3-none-any.whl", hash = "sha256:612ee75c546f53e92e70049c9dbfcc18c935a2b9a53b66085ce9ef6a6e5c0934"},
    {file = "coloredlogs-15.0.1.tar.gz", hash = "sha256:7c991aa71a4577af2f82600d8f8f3a89f936baeaf9b50a9c197da014e5bf16b0"},
]

[package.dependencies]
humanfriendly = ">=9.1"

[package.extras]
cron = ["capturer (>=2.4)"]

[[package]]
name = "greenlet"
version = "3.2.0"
description = "Lightweight in-process concurrent programming"
optional = false
python-versions = ">=3.9"
groups = ["main"]
markers = "python_version < \"3.14\" and (platform_machine == \"aarch64\" or platform_machine == \"ppc64le\" or platform_machine == \"x86_64\" or platform_machine == \"amd64\" or platform_machine == \"AMD64\" or platform_machine == \"win32\" or platform_machine == \"WIN32\")"
files = [
    {file = "greenlet-3.2.0-cp310-cp310-macosx_11_0_universal2.whl", hash = "sha256:b7a7b7f2bad3ca72eb2fa14643f1c4ca11d115614047299d89bc24a3b11ddd09"},
    {file = "greenlet-3.2.0-cp310-cp310-manylinux_2_17_aarch64.manylinux2014_aarch64.whl", hash = "sha256:60e77242e38e99ecaede853755bbd8165e0b20a2f1f3abcaa6f0dceb826a7411"},
    {file = "greenlet-3.2.0-cp310-cp310-manylinux_2_17_ppc64le.manylinux2014_ppc64le.whl", hash = "sha256:d3f32d7c70b1c26844fd0e4e56a1da852b493e4e1c30df7b07274a1e5a9b599e"},
    {file = "greenlet-3.2.0-cp310-cp310-manylinux_2_17_s390x.manylinux2014_s390x.whl", hash = "sha256:d97bc1be4bad83b70d8b8627ada6724091af41139616696e59b7088f358583b9"},
    {file = "greenlet-3.2.0-cp310-cp310-manylinux_2_17_x86_64.manylinux2014_x86_64.whl", hash = "sha256:23f56a0103deb5570c8d6a0bb4ddf8a7a28931973ad7ed7a883460a67e599b32"},
    {file = "greenlet-3.2.0-cp310-cp310-manylinux_2_24_x86_64.manylinux_2_28_x86_64.whl", hash = "sha256:2919b126eeb63ca5fa971501cd20cd6cdb5522369a8e39548bbc73a3e10b8b41"},
    {file = "greenlet-3.2.0-cp310-cp310-musllinux_1_1_aarch64.whl", hash = "sha256:844acfd479ee380f3810415e682c9ee941725fb90b45e139bb7fd6f85c6c9a30"},
    {file = "greenlet-3.2.0-cp310-cp310-musllinux_1_1_x86_64.whl", hash = "sha256:2b986f1a6467710e7ffeeeac1777da0318c95bbfcc467acbd0bd35abc775f558"},
    {file = "greenlet-3.2.0-cp310-cp310-win_amd64.whl", hash = "sha256:29449a2b82ed7ce11f8668c31ef20d31e9d88cd8329eb933098fab5a8608a93a"},
    {file = "greenlet-3.2.0-cp311-cp311-macosx_11_0_universal2.whl", hash = "sha256:b99de16560097b9984409ded0032f101f9555e1ab029440fc6a8b5e76dbba7ac"},
    {file = "greenlet-3.2.0-cp311-cp311-manylinux_2_17_aarch64.manylinux2014_aarch64.whl", hash = "sha256:a0bc5776ac2831c022e029839bf1b9d3052332dcf5f431bb88c8503e27398e31"},
    {file = "greenlet-3.2.0-cp311-cp311-manylinux_2_17_ppc64le.manylinux2014_ppc64le.whl", hash = "sha256:1dcb1108449b55ff6bc0edac9616468f71db261a4571f27c47ccf3530a7f8b97"},
    {file = "greenlet-3.2.0-cp311-cp311-manylinux_2_17_s390x.manylinux2014_s390x.whl", hash = "sha256:82a68a25a08f51fc8b66b113d1d9863ee123cdb0e8f1439aed9fc795cd6f85cf"},
    {file = "greenlet-3.2.0-cp311-cp311-manylinux_2_17_x86_64.manylinux2014_x86_64.whl", hash = "sha256:7fee6f518868e8206c617f4084a83ad4d7a3750b541bf04e692dfa02e52e805d"},
    {file = "greenlet-3.2.0-cp311-cp311-manylinux_2_24_x86_64.manylinux_2_28_x86_64.whl", hash = "sha256:6fad8a9ca98b37951a053d7d2d2553569b151cd8c4ede744806b94d50d7f8f73"},
    {file = "greenlet-3.2.0-cp311-cp311-musllinux_1_1_aarch64.whl", hash = "sha256:0e14541f9024a280adb9645143d6a0a51fda6f7c5695fd96cb4d542bb563442f"},
    {file = "greenlet-3.2.0-cp311-cp311-musllinux_1_1_x86_64.whl", hash = "sha256:7f163d04f777e7bd229a50b937ecc1ae2a5b25296e6001445e5433e4f51f5191"},
    {file = "greenlet-3.2.0-cp311-cp311-win_amd64.whl", hash = "sha256:39801e633a978c3f829f21022501e7b0c3872683d7495c1850558d1a6fb95ed0"},
    {file = "greenlet-3.2.0-cp312-cp312-macosx_11_0_universal2.whl", hash = "sha256:7d08b88ee8d506ca1f5b2a58744e934d33c6a1686dd83b81e7999dfc704a912f"},
    {file = "greenlet-3.2.0-cp312-cp312-manylinux_2_17_aarch64.manylinux2014_aarch64.whl", hash = "sha256:58ef3d637c54e2f079064ca936556c4af3989144e4154d80cfd4e2a59fc3769c"},
    {file = "greenlet-3.2.0-cp312-cp312-manylinux_2_17_ppc64le.manylinux2014_ppc64le.whl", hash = "sha256:33ea7e7269d6f7275ce31f593d6dcfedd97539c01f63fbdc8d84e493e20b1b2c"},
    {file = "greenlet-3.2.0-cp312-cp312-manylinux_2_17_s390x.manylinux2014_s390x.whl", hash = "sha256:e61d426969b68b2170a9f853cc36d5318030494576e9ec0bfe2dc2e2afa15a68"},
    {file = "greenlet-3.2.0-cp312-cp312-manylinux_2_17_x86_64.manylinux2014_x86_64.whl", hash = "sha256:04e781447a4722e30b4861af728cb878d73a3df79509dc19ea498090cea5d204"},
    {file = "greenlet-3.2.0-cp312-cp312-manylinux_2_24_x86_64.manylinux_2_28_x86_64.whl", hash = "sha256:b2392cc41eeed4055978c6b52549ccd9effd263bb780ffd639c0e1e7e2055ab0"},
    {file = "greenlet-3.2.0-cp312-cp312-musllinux_1_1_aarch64.whl", hash = "sha256:430cba962c85e339767235a93450a6aaffed6f9c567e73874ea2075f5aae51e1"},
    {file = "greenlet-3.2.0-cp312-cp312-musllinux_1_1_x86_64.whl", hash = "sha256:5e57ff52315bfc0c5493917f328b8ba3ae0c0515d94524453c4d24e7638cbb53"},
    {file = "greenlet-3.2.0-cp312-cp312-win_amd64.whl", hash = "sha256:211a9721f540e454a02e62db7956263e9a28a6cf776d4b9a7213844e36426333"},
    {file = "greenlet-3.2.0-cp313-cp313-macosx_11_0_universal2.whl", hash = "sha256:b86a3ccc865ae601f446af042707b749eebc297928ea7bd0c5f60c56525850be"},
    {file = "greenlet-3.2.0-cp313-cp313-manylinux_2_17_aarch64.manylinux2014_aarch64.whl", hash = "sha256:144283ad88ed77f3ebd74710dd419b55dd15d18704b0ae05935766a93f5671c5"},
    {file = "greenlet-3.2.0-cp313-cp313-manylinux_2_17_ppc64le.manylinux2014_ppc64le.whl", hash = "sha256:5be69cd50994b8465c3ad1467f9e63001f76e53a89440ad4440d1b6d52591280"},
    {file = "greenlet-3.2.0-cp313-cp313-manylinux_2_17_s390x.manylinux2014_s390x.whl", hash = "sha256:47aeadd1e8fbdef8fdceb8fb4edc0cbb398a57568d56fd68f2bc00d0d809e6b6"},
    {file = "greenlet-3.2.0-cp313-cp313-manylinux_2_17_x86_64.manylinux2014_x86_64.whl", hash = "sha256:18adc14ab154ca6e53eecc9dc50ff17aeb7ba70b7e14779b26e16d71efa90038"},
    {file = "greenlet-3.2.0-cp313-cp313-manylinux_2_24_x86_64.manylinux_2_28_x86_64.whl", hash = "sha256:e8622b33d8694ec373ad55050c3d4e49818132b44852158442e1931bb02af336"},
    {file = "greenlet-3.2.0-cp313-cp313-musllinux_1_1_aarch64.whl", hash = "sha256:e8ac9a2c20fbff3d0b853e9ef705cdedb70d9276af977d1ec1cde86a87a4c821"},
    {file = "greenlet-3.2.0-cp313-cp313-musllinux_1_1_x86_64.whl", hash = "sha256:cd37273dc7ca1d5da149b58c8b3ce0711181672ba1b09969663905a765affe21"},
    {file = "greenlet-3.2.0-cp313-cp313-win_amd64.whl", hash = "sha256:8a8940a8d301828acd8b9f3f85db23069a692ff2933358861b19936e29946b95"},
    {file = "greenlet-3.2.0-cp313-cp313t-manylinux_2_17_aarch64.manylinux2014_aarch64.whl", hash = "sha256:ee59db626760f1ca8da697a086454210d36a19f7abecc9922a2374c04b47735b"},
    {file = "greenlet-3.2.0-cp313-cp313t-manylinux_2_17_ppc64le.manylinux2014_ppc64le.whl", hash = "sha256:7154b13ef87a8b62fc05419f12d75532d7783586ad016c57b5de8a1c6feeb517"},
    {file = "greenlet-3.2.0-cp313-cp313t-manylinux_2_17_s390x.manylinux2014_s390x.whl", hash = "sha256:199453d64b02d0c9d139e36d29681efd0e407ed8e2c0bf89d88878d6a787c28f"},
    {file = "greenlet-3.2.0-cp313-cp313t-manylinux_2_17_x86_64.manylinux2014_x86_64.whl", hash = "sha256:0010e928e1901d36625f21d008618273f9dda26b516dbdecf873937d39c9dff0"},
    {file = "greenlet-3.2.0-cp313-cp313t-manylinux_2_24_x86_64.manylinux_2_28_x86_64.whl", hash = "sha256:6005f7a86de836a1dc4b8d824a2339cdd5a1ca7cb1af55ea92575401f9952f4c"},
    {file = "greenlet-3.2.0-cp313-cp313t-musllinux_1_1_aarch64.whl", hash = "sha256:17fd241c0d50bacb7ce8ff77a30f94a2d0ca69434ba2e0187cf95a5414aeb7e1"},
    {file = "greenlet-3.2.0-cp313-cp313t-musllinux_1_1_x86_64.whl", hash = "sha256:7b17a26abc6a1890bf77d5d6b71c0999705386b00060d15c10b8182679ff2790"},
    {file = "greenlet-3.2.0-cp314-cp314-macosx_11_0_universal2.whl", hash = "sha256:397b6bbda06f8fe895893d96218cd6f6d855a6701dc45012ebe12262423cec8b"},
    {file = "greenlet-3.2.0-cp39-cp39-macosx_11_0_universal2.whl", hash = "sha256:4174fa6fa214e8924cedf332b6f2395ba2b9879f250dacd3c361b2fca86f58af"},
    {file = "greenlet-3.2.0-cp39-cp39-manylinux_2_17_aarch64.manylinux2014_aarch64.whl", hash = "sha256:6017a4d430fad5229e397ad464db504ae70cb7b903757c4688cee6c25d6ce8d8"},
    {file = "greenlet-3.2.0-cp39-cp39-manylinux_2_17_ppc64le.manylinux2014_ppc64le.whl", hash = "sha256:78b721dfadc60e3639141c0e1f19d23953c5b4b98bfcaf04ce40f79e4f01751c"},
    {file = "greenlet-3.2.0-cp39-cp39-manylinux_2_17_s390x.manylinux2014_s390x.whl", hash = "sha256:8fd2583024ff6cd5d4f842d446d001de4c4fe1264fdb5f28ddea28f6488866df"},
    {file = "greenlet-3.2.0-cp39-cp39-manylinux_2_17_x86_64.manylinux2014_x86_64.whl", hash = "sha256:598da3bd464c2cc411b723e3d4afc27b13c219ac077ba897bac88443ae45f5ec"},
    {file = "greenlet-3.2.0-cp39-cp39-manylinux_2_24_x86_64.manylinux_2_28_x86_64.whl", hash = "sha256:2688b3bd3198cc4bad7a79648a95fee088c24a0f6abd05d3639e6c3040ded015"},
    {file = "greenlet-3.2.0-cp39-cp39-musllinux_1_1_aarch64.whl", hash = "sha256:1cf89e2d92bae0d7e2d6093ce0bed26feeaf59a5d588e3984e35fcd46fc41090"},
    {file = "greenlet-3.2.0-cp39-cp39-musllinux_1_1_x86_64.whl", hash = "sha256:8b3538711e7c0efd5f7a8fc1096c4db9598d6ed99dc87286b31e4ce9f8a8da67"},
    {file = "greenlet-3.2.0-cp39-cp39-win32.whl", hash = "sha256:ce531d7c424ef327a391de7a9777a6c93a38e1f89e18efa903a1c4ba11f85905"},
    {file = "greenlet-3.2.0-cp39-cp39-win_amd64.whl", hash = "sha256:7b162de2fb61b4c7f4b5d749408bf3280cae65db9b5a6aaf7f922ac829faa67c"},
    {file = "greenlet-3.2.0.tar.gz", hash = "sha256:1d2d43bd711a43db8d9b9187500e6432ddb4fafe112d082ffabca8660a9e01a7"},
]

[package.extras]
docs = ["Sphinx", "furo"]
test = ["objgraph", "psutil"]

[[package]]
name = "humanfriendly"
version = "10.0"
description = "Human friendly output for text interfaces using Python"
optional = false
python-versions = ">=2.7, !=3.0.*, !=3.1.*, !=3.2.*, !=3.3.*, !=3.4.*"
groups = ["main"]
files = [
    {file = "humanfriendly-10.0-py2.py3-none-any.whl", hash = "sha256:1697e1a8a8f550fd43c2865cd84542fc175a61dcb779b6fee18cf6b6ccba1477"},
    {file = "humanfriendly-10.0.tar.gz", hash = "sha256:6b0b831ce8f15f7300721aa49829fc4e83921a9a301cc7f606be6686a2288ddc"},
]

[package.dependencies]
pyreadline3 = {version = "*", markers = "sys_platform == \"win32\" and python_version >= \"3.8\""}

[[package]]
name = "markdown-it-py"
version = "3.0.0"
description = "Python port of markdown-it. Markdown parsing, done right!"
optional = false
python-versions = ">=3.8"
groups = ["main"]
files = [
    {file = "markdown-it-py-3.0.0.tar.gz", hash = "sha256:e3f60a94fa066dc52ec76661e37c851cb232d92f9886b15cb560aaada2df8feb"},
    {file = "markdown_it_py-3.0.0-py3-none-any.whl", hash = "sha256:355216845c60bd96232cd8d8c40e8f9765cc86f46880e43a8fd22dc1a1a8cab1"},
]

[package.dependencies]
mdurl = ">=0.1,<1.0"

[package.extras]
benchmarking = ["psutil", "pytest", "pytest-benchmark"]
code-style = ["pre-commit (>=3.0,<4.0)"]
compare = ["commonmark (>=0.9,<1.0)", "markdown (>=3.4,<4.0)", "mistletoe (>=1.0,<2.0)", "mistune (>=2.0,<3.0)", "panflute (>=2.3,<3.0)"]
linkify = ["linkify-it-py (>=1,<3)"]
plugins = ["mdit-py-plugins"]
profiling = ["gprof2dot"]
rtd = ["jupyter_sphinx", "mdit-py-plugins", "myst-parser", "pyyaml", "sphinx", "sphinx-copybutton", "sphinx-design", "sphinx_book_theme"]
testing = ["coverage", "pytest", "pytest-cov", "pytest-regressions"]

[[package]]
name = "mdurl"
version = "0.1.2"
description = "Markdown URL utilities"
optional = false
python-versions = ">=3.7"
groups = ["main"]
files = [
    {file = "mdurl-0.1.2-py3-none-any.whl", hash = "sha256:84008a41e51615a49fc9966191ff91509e3c40b939176e643fd50a5c2196b8f8"},
    {file = "mdurl-0.1.2.tar.gz", hash = "sha256:bb413d29f5eea38f31dd4754dd7377d4465116fb207585f97bf925588687c1ba"},
]

[[package]]
name = "memory-profiler"
version = "0.61.0"
description = "A module for monitoring memory usage of a python program"
optional = false
python-versions = ">=3.5"
groups = ["main"]
files = [
    {file = "memory_profiler-0.61.0-py3-none-any.whl", hash = "sha256:400348e61031e3942ad4d4109d18753b2fb08c2f6fb8290671c5513a34182d84"},
    {file = "memory_profiler-0.61.0.tar.gz", hash = "sha256:4e5b73d7864a1d1292fb76a03e82a3e78ef934d06828a698d9dada76da2067b0"},
]

[package.dependencies]
psutil = "*"

[[package]]
name = "psutil"
version = "7.0.0"
description = "Cross-platform lib for process and system monitoring in Python.  NOTE: the syntax of this script MUST be kept compatible with Python 2.7."
optional = false
python-versions = ">=3.6"
groups = ["main"]
files = [
    {file = "psutil-7.0.0-cp36-abi3-macosx_10_9_x86_64.whl", hash = "sha256:101d71dc322e3cffd7cea0650b09b3d08b8e7c4109dd6809fe452dfd00e58b25"},
    {file = "psutil-7.0.0-cp36-abi3-macosx_11_0_arm64.whl", hash = "sha256:39db632f6bb862eeccf56660871433e111b6ea58f2caea825571951d4b6aa3da"},
    {file = "psutil-7.0.0-cp36-abi3-manylinux_2_12_i686.manylinux2010_i686.manylinux_2_17_i686.manylinux2014_i686.whl", hash = "sha256:1fcee592b4c6f146991ca55919ea3d1f8926497a713ed7faaf8225e174581e91"},
    {file = "psutil-7.0.0-cp36-abi3-manylinux_2_12_x86_64.manylinux2010_x86_64.manylinux_2_17_x86_64.manylinux2014_x86_64.whl", hash = "sha256:4b1388a4f6875d7e2aff5c4ca1cc16c545ed41dd8bb596cefea80111db353a34"},
    {file = "psutil-7.0.0-cp36-abi3-manylinux_2_17_aarch64.manylinux2014_aarch64.whl", hash = "sha256:a5f098451abc2828f7dc6b58d44b532b22f2088f4999a937557b603ce72b1993"},
    {file = "psutil-7.0.0-cp36-cp36m-win32.whl", hash = "sha256:84df4eb63e16849689f76b1ffcb36db7b8de703d1bc1fe41773db487621b6c17"},
    {file = "psutil-7.0.0-cp36-cp36m-win_amd64.whl", hash = "sha256:1e744154a6580bc968a0195fd25e80432d3afec619daf145b9e5ba16cc1d688e"},
    {file = "psutil-7.0.0-cp37-abi3-win32.whl", hash = "sha256:ba3fcef7523064a6c9da440fc4d6bd07da93ac726b5733c29027d7dc95b39d99"},
    {file = "psutil-7.0.0-cp37-abi3-win_amd64.whl", hash = "sha256:4cf3d4eb1aa9b348dec30105c55cd9b7d4629285735a102beb4441e38db90553"},
    {file = "psutil-7.0.0.tar.gz", hash = "sha256:7be9c3eba38beccb6495ea33afd982a44074b78f28c434a1f51cc07fd315c456"},
]

[package.extras]
dev = ["abi3audit", "black (==24.10.0)", "check-manifest", "coverage", "packaging", "pylint", "pyperf", "pypinfo", "pytest", "pytest-cov", "pytest-xdist", "requests", "rstcheck", "ruff", "setuptools", "sphinx", "sphinx_rtd_theme", "toml-sort", "twine", "virtualenv", "vulture", "wheel"]
test = ["pytest", "pytest-xdist", "setuptools"]

[[package]]
name = "pygments"
version = "2.19.1"
description = "Pygments is a syntax highlighting package written in Python."
optional = false
python-versions = ">=3.8"
groups = ["main"]
files = [
    {file = "pygments-2.19.1-py3-none-any.whl", hash = "sha256:9ea1544ad55cecf4b8242fab6dd35a93bbce657034b0611ee383099054ab6d8c"},
    {file = "pygments-2.19.1.tar.gz", hash = "sha256:61c16d2a8576dc0649d9f39e089b5f02bcd27fba10d8fb4dcc28173f7a45151f"},
]

[package.extras]
windows-terminal = ["colorama (>=0.4.6)"]

[[package]]
name = "pymysql"
version = "1.1.1"
description = "Pure Python MySQL Driver"
optional = false
python-versions = ">=3.7"
groups = ["main"]
files = [
    {file = "PyMySQL-1.1.1-py3-none-any.whl", hash = "sha256:4de15da4c61dc132f4fb9ab763063e693d521a80fd0e87943b9a453dd4c19d6c"},
    {file = "pymysql-1.1.1.tar.gz", hash = "sha256:e127611aaf2b417403c60bf4dc570124aeb4a57f5f37b8e95ae399a42f904cd0"},
]

[package.extras]
ed25519 = ["PyNaCl (>=1.4.0)"]
rsa = ["cryptography"]

[[package]]
name = "pyreadline3"
version = "3.5.4"
description = "A python implementation of GNU readline."
optional = false
python-versions = ">=3.8"
groups = ["main"]
markers = "sys_platform == \"win32\""
files = [
    {file = "pyreadline3-3.5.4-py3-none-any.whl", hash = "sha256:eaf8e6cc3c49bcccf145fc6067ba8643d1df34d604a1ec0eccbf7a18e6d3fae6"},
    {file = "pyreadline3-3.5.4.tar.gz", hash = "sha256:8d57d53039a1c75adba8e50dd3d992b28143480816187ea5efbd5c78e6c885b7"},
]

[package.extras]
dev = ["build", "flake8", "mypy", "pytest", "twine"]

[[package]]
name = "redis"
version = "5.2.1"
description = "Python client for Redis database and key-value store"
optional = false
python-versions = ">=3.8"
groups = ["main"]
files = [
    {file = "redis-5.2.1-py3-none-any.whl", hash = "sha256:ee7e1056b9aea0f04c6c2ed59452947f34c4940ee025f5dd83e6a6418b6989e4"},
    {file = "redis-5.2.1.tar.gz", hash = "sha256:16f2e22dff21d5125e8481515e386711a34cbec50f0e44413dd7d9c060a54e0f"},
]

[package.extras]
hiredis = ["hiredis (>=3.0.0)"]
ocsp = ["cryptography (>=36.0.1)", "pyopenssl (==23.2.1)", "requests (>=2.31.0)"]

[[package]]
name = "rich"
version = "14.0.0"
description = "Render rich text, tables, progress bars, syntax highlighting, markdown and more to the terminal"
optional = false
python-versions = ">=3.8.0"
groups = ["main"]
files = [
    {file = "rich-14.0.0-py3-none-any.whl", hash = "sha256:1c9491e1951aac09caffd42f448ee3d04e58923ffe14993f6e83068dc395d7e0"},
    {file = "rich-14.0.0.tar.gz", hash = "sha256:82f1bc23a6a21ebca4ae0c45af9bdbc492ed20231dcb63f297d6d1021a9d5725"},
]

[package.dependencies]
markdown-it-py = ">=2.2.0"
pygments = ">=2.13.0,<3.0.0"

[package.extras]
jupyter = ["ipywidgets (>=7.5.1,<9)"]

[[package]]
name = "rosu-pp-py"
version = "3.0.0"
description = "Difficulty and performance calculation for osu!"
optional = false
python-versions = ">=3.7"
groups = ["main"]
files = []
develop = false

[package.source]
type = "git"
url = "https://github.com/ppy-sb/rosu-pp-py.git"
reference = "HEAD"
resolved_reference = "337fc32776ccb7abee4ffdf055c896e36c03c03f"

[[package]]
name = "shellingham"
version = "1.5.4"
description = "Tool to Detect Surrounding Shell"
optional = false
python-versions = ">=3.7"
groups = ["main"]
files = [
    {file = "shellingham-1.5.4-py2.py3-none-any.whl", hash = "sha256:7ecfff8f2fd72616f7481040475a65b2bf8af90a56c89140852d1120324e8686"},
    {file = "shellingham-1.5.4.tar.gz", hash = "sha256:8dbca0739d487e5bd35ab3ca4b36e11c4078f3a234bfce294b0a0291363404de"},
]

[[package]]
name = "sqlalchemy"
version = "2.0.40"
description = "Database Abstraction Library"
optional = false
python-versions = ">=3.7"
groups = ["main"]
files = [
    {file = "SQLAlchemy-2.0.40-cp37-cp37m-macosx_10_9_x86_64.whl", hash = "sha256:ae9597cab738e7cc823f04a704fb754a9249f0b6695a6aeb63b74055cd417a96"},
    {file = "SQLAlchemy-2.0.40-cp37-cp37m-manylinux_2_17_aarch64.manylinux2014_aarch64.whl", hash = "sha256:37a5c21ab099a83d669ebb251fddf8f5cee4d75ea40a5a1653d9c43d60e20867"},
    {file = "SQLAlchemy-2.0.40-cp37-cp37m-manylinux_2_17_x86_64.manylinux2014_x86_64.whl", hash = "sha256:bece9527f5a98466d67fb5d34dc560c4da964240d8b09024bb21c1246545e04e"},
    {file = "SQLAlchemy-2.0.40-cp37-cp37m-musllinux_1_2_aarch64.whl", hash = "sha256:8bb131ffd2165fae48162c7bbd0d97c84ab961deea9b8bab16366543deeab625"},
    {file = "SQLAlchemy-2.0.40-cp37-cp37m-musllinux_1_2_x86_64.whl", hash = "sha256:9408fd453d5f8990405cc9def9af46bfbe3183e6110401b407c2d073c3388f47"},
    {file = "SQLAlchemy-2.0.40-cp37-cp37m-win32.whl", hash = "sha256:00a494ea6f42a44c326477b5bee4e0fc75f6a80c01570a32b57e89cf0fbef85a"},
    {file = "SQLAlchemy-2.0.40-cp37-cp37m-win_amd64.whl", hash = "sha256:c7b927155112ac858357ccf9d255dd8c044fd9ad2dc6ce4c4149527c901fa4c3"},
    {file = "sqlalchemy-2.0.40-cp310-cp310-macosx_10_9_x86_64.whl", hash = "sha256:f1ea21bef99c703f44444ad29c2c1b6bd55d202750b6de8e06a955380f4725d7"},
    {file = "sqlalchemy-2.0.40-cp310-cp310-macosx_11_0_arm64.whl", hash = "sha256:afe63b208153f3a7a2d1a5b9df452b0673082588933e54e7c8aac457cf35e758"},
    {file = "sqlalchemy-2.0.40-cp310-cp310-manylinux_2_17_aarch64.manylinux2014_aarch64.whl", hash = "sha256:a8aae085ea549a1eddbc9298b113cffb75e514eadbb542133dd2b99b5fb3b6af"},
    {file = "sqlalchemy-2.0.40-cp310-cp310-manylinux_2_17_x86_64.manylinux2014_x86_64.whl", hash = "sha256:5ea9181284754d37db15156eb7be09c86e16e50fbe77610e9e7bee09291771a1"},
    {file = "sqlalchemy-2.0.40-cp310-cp310-musllinux_1_2_aarch64.whl", hash = "sha256:5434223b795be5c5ef8244e5ac98056e290d3a99bdcc539b916e282b160dda00"},
    {file = "sqlalchemy-2.0.40-cp310-cp310-musllinux_1_2_x86_64.whl", hash = "sha256:15d08d5ef1b779af6a0909b97be6c1fd4298057504eb6461be88bd1696cb438e"},
    {file = "sqlalchemy-2.0.40-cp310-cp310-win32.whl", hash = "sha256:cd2f75598ae70bcfca9117d9e51a3b06fe29edd972fdd7fd57cc97b4dbf3b08a"},
    {file = "sqlalchemy-2.0.40-cp310-cp310-win_amd64.whl", hash = "sha256:2cbafc8d39ff1abdfdda96435f38fab141892dc759a2165947d1a8fffa7ef596"},
    {file = "sqlalchemy-2.0.40-cp311-cp311-macosx_10_9_x86_64.whl", hash = "sha256:f6bacab7514de6146a1976bc56e1545bee247242fab030b89e5f70336fc0003e"},
    {file = "sqlalchemy-2.0.40-cp311-cp311-macosx_11_0_arm64.whl", hash = "sha256:5654d1ac34e922b6c5711631f2da497d3a7bffd6f9f87ac23b35feea56098011"},
    {file = "sqlalchemy-2.0.40-cp311-cp311-manylinux_2_17_aarch64.manylinux2014_aarch64.whl", hash = "sha256:35904d63412db21088739510216e9349e335f142ce4a04b69e2528020ee19ed4"},
    {file = "sqlalchemy-2.0.40-cp311-cp311-manylinux_2_17_x86_64.manylinux2014_x86_64.whl", hash = "sha256:9c7a80ed86d6aaacb8160a1caef6680d4ddd03c944d985aecee940d168c411d1"},
    {file = "sqlalchemy-2.0.40-cp311-cp311-musllinux_1_2_aarch64.whl", hash = "sha256:519624685a51525ddaa7d8ba8265a1540442a2ec71476f0e75241eb8263d6f51"},
    {file = "sqlalchemy-2.0.40-cp311-cp311-musllinux_1_2_x86_64.whl", hash = "sha256:2ee5f9999a5b0e9689bed96e60ee53c3384f1a05c2dd8068cc2e8361b0df5b7a"},
    {file = "sqlalchemy-2.0.40-cp311-cp311-win32.whl", hash = "sha256:c0cae71e20e3c02c52f6b9e9722bca70e4a90a466d59477822739dc31ac18b4b"},
    {file = "sqlalchemy-2.0.40-cp311-cp311-win_amd64.whl", hash = "sha256:574aea2c54d8f1dd1699449f332c7d9b71c339e04ae50163a3eb5ce4c4325ee4"},
    {file = "sqlalchemy-2.0.40-cp312-cp312-macosx_10_13_x86_64.whl", hash = "sha256:9d3b31d0a1c44b74d3ae27a3de422dfccd2b8f0b75e51ecb2faa2bf65ab1ba0d"},
    {file = "sqlalchemy-2.0.40-cp312-cp312-macosx_11_0_arm64.whl", hash = "sha256:37f7a0f506cf78c80450ed1e816978643d3969f99c4ac6b01104a6fe95c5490a"},
    {file = "sqlalchemy-2.0.40-cp312-cp312-manylinux_2_17_aarch64.manylinux2014_aarch64.whl", hash = "sha256:0bb933a650323e476a2e4fbef8997a10d0003d4da996aad3fd7873e962fdde4d"},
    {file = "sqlalchemy-2.0.40-cp312-cp312-manylinux_2_17_x86_64.manylinux2014_x86_64.whl", hash = "sha256:6959738971b4745eea16f818a2cd086fb35081383b078272c35ece2b07012716"},
    {file = "sqlalchemy-2.0.40-cp312-cp312-musllinux_1_2_aarch64.whl", hash = "sha256:110179728e442dae85dd39591beb74072ae4ad55a44eda2acc6ec98ead80d5f2"},
    {file = "sqlalchemy-2.0.40-cp312-cp312-musllinux_1_2_x86_64.whl", hash = "sha256:e8040680eaacdce4d635f12c55c714f3d4c7f57da2bc47a01229d115bd319191"},
    {file = "sqlalchemy-2.0.40-cp312-cp312-win32.whl", hash = "sha256:650490653b110905c10adac69408380688cefc1f536a137d0d69aca1069dc1d1"},
    {file = "sqlalchemy-2.0.40-cp312-cp312-win_amd64.whl", hash = "sha256:2be94d75ee06548d2fc591a3513422b873490efb124048f50556369a834853b0"},
    {file = "sqlalchemy-2.0.40-cp313-cp313-macosx_10_13_x86_64.whl", hash = "sha256:915866fd50dd868fdcc18d61d8258db1bf9ed7fbd6dfec960ba43365952f3b01"},
    {file = "sqlalchemy-2.0.40-cp313-cp313-macosx_11_0_arm64.whl", hash = "sha256:4a4c5a2905a9ccdc67a8963e24abd2f7afcd4348829412483695c59e0af9a705"},
    {file = "sqlalchemy-2.0.40-cp313-cp313-manylinux_2_17_aarch64.manylinux2014_aarch64.whl", hash = "sha256:55028d7a3ebdf7ace492fab9895cbc5270153f75442a0472d8516e03159ab364"},
    {file = "sqlalchemy-2.0.40-cp313-cp313-manylinux_2_17_x86_64.manylinux2014_x86_64.whl", hash = "sha256:6cfedff6878b0e0d1d0a50666a817ecd85051d12d56b43d9d425455e608b5ba0"},
    {file = "sqlalchemy-2.0.40-cp313-cp313-musllinux_1_2_aarch64.whl", hash = "sha256:bb19e30fdae77d357ce92192a3504579abe48a66877f476880238a962e5b96db"},
    {file = "sqlalchemy-2.0.40-cp313-cp313-musllinux_1_2_x86_64.whl", hash = "sha256:16d325ea898f74b26ffcd1cf8c593b0beed8714f0317df2bed0d8d1de05a8f26"},
    {file = "sqlalchemy-2.0.40-cp313-cp313-win32.whl", hash = "sha256:a669cbe5be3c63f75bcbee0b266779706f1a54bcb1000f302685b87d1b8c1500"},
    {file = "sqlalchemy-2.0.40-cp313-cp313-win_amd64.whl", hash = "sha256:641ee2e0834812d657862f3a7de95e0048bdcb6c55496f39c6fa3d435f6ac6ad"},
    {file = "sqlalchemy-2.0.40-cp38-cp38-macosx_10_9_x86_64.whl", hash = "sha256:50f5885bbed261fc97e2e66c5156244f9704083a674b8d17f24c72217d29baf5"},
    {file = "sqlalchemy-2.0.40-cp38-cp38-macosx_11_0_arm64.whl", hash = "sha256:cf0e99cdb600eabcd1d65cdba0d3c91418fee21c4aa1d28db47d095b1064a7d8"},
    {file = "sqlalchemy-2.0.40-cp38-cp38-manylinux_2_17_aarch64.manylinux2014_aarch64.whl", hash = "sha256:fe147fcd85aaed53ce90645c91ed5fca0cc88a797314c70dfd9d35925bd5d106"},
    {file = "sqlalchemy-2.0.40-cp38-cp38-manylinux_2_17_x86_64.manylinux2014_x86_64.whl", hash = "sha256:baf7cee56bd552385c1ee39af360772fbfc2f43be005c78d1140204ad6148438"},
    {file = "sqlalchemy-2.0.40-cp38-cp38-musllinux_1_2_aarch64.whl", hash = "sha256:4aeb939bcac234b88e2d25d5381655e8353fe06b4e50b1c55ecffe56951d18c2"},
    {file = "sqlalchemy-2.0.40-cp38-cp38-musllinux_1_2_x86_64.whl", hash = "sha256:c268b5100cfeaa222c40f55e169d484efa1384b44bf9ca415eae6d556f02cb08"},
    {file = "sqlalchemy-2.0.40-cp38-cp38-win32.whl", hash = "sha256:46628ebcec4f23a1584fb52f2abe12ddb00f3bb3b7b337618b80fc1b51177aff"},
    {file = "sqlalchemy-2.0.40-cp38-cp38-win_amd64.whl", hash = "sha256:7e0505719939e52a7b0c65d20e84a6044eb3712bb6f239c6b1db77ba8e173a37"},
    {file = "sqlalchemy-2.0.40-cp39-cp39-macosx_10_9_x86_64.whl", hash = "sha256:c884de19528e0fcd9dc34ee94c810581dd6e74aef75437ff17e696c2bfefae3e"},
    {file = "sqlalchemy-2.0.40-cp39-cp39-macosx_11_0_arm64.whl", hash = "sha256:1abb387710283fc5983d8a1209d9696a4eae9db8d7ac94b402981fe2fe2e39ad"},
    {file = "sqlalchemy-2.0.40-cp39-cp39-manylinux_2_17_aarch64.manylinux2014_aarch64.whl", hash = "sha256:5cfa124eda500ba4b0d3afc3e91ea27ed4754e727c7f025f293a22f512bcd4c9"},
    {file = "sqlalchemy-2.0.40-cp39-cp39-manylinux_2_17_x86_64.manylinux2014_x86_64.whl", hash = "sha256:8b6b28d303b9d57c17a5164eb1fd2d5119bb6ff4413d5894e74873280483eeb5"},
    {file = "sqlalchemy-2.0.40-cp39-cp39-musllinux_1_2_aarch64.whl", hash = "sha256:b5a5bbe29c10c5bfd63893747a1bf6f8049df607638c786252cb9243b86b6706"},
    {file = "sqlalchemy-2.0.40-cp39-cp39-musllinux_1_2_x86_64.whl", hash = "sha256:f0fda83e113bb0fb27dc003685f32a5dcb99c9c4f41f4fa0838ac35265c23b5c"},
    {file = "sqlalchemy-2.0.40-cp39-cp39-win32.whl", hash = "sha256:957f8d85d5e834397ef78a6109550aeb0d27a53b5032f7a57f2451e1adc37e98"},
    {file = "sqlalchemy-2.0.40-cp39-cp39-win_amd64.whl", hash = "sha256:1ffdf9c91428e59744f8e6f98190516f8e1d05eec90e936eb08b257332c5e870"},
    {file = "sqlalchemy-2.0.40-py3-none-any.whl", hash = "sha256:32587e2e1e359276957e6fe5dad089758bc042a971a8a09ae8ecf7a8fe23d07a"},
    {file = "sqlalchemy-2.0.40.tar.gz", hash = "sha256:d827099289c64589418ebbcaead0145cd19f4e3e8a93919a0100247af245fa00"},
]

[package.dependencies]
greenlet = {version = ">=1", markers = "python_version < \"3.14\" and (platform_machine == \"aarch64\" or platform_machine == \"ppc64le\" or platform_machine == \"x86_64\" or platform_machine == \"amd64\" or platform_machine == \"AMD64\" or platform_machine == \"win32\" or platform_machine == \"WIN32\")"}
typing-extensions = ">=4.6.0"

[package.extras]
aiomysql = ["aiomysql (>=0.2.0)", "greenlet (>=1)"]
aioodbc = ["aioodbc", "greenlet (>=1)"]
aiosqlite = ["aiosqlite", "greenlet (>=1)", "typing_extensions (!=3.10.0.1)"]
asyncio = ["greenlet (>=1)"]
asyncmy = ["asyncmy (>=0.2.3,!=0.2.4,!=0.2.6)", "greenlet (>=1)"]
mariadb-connector = ["mariadb (>=1.0.1,!=1.1.2,!=1.1.5,!=1.1.10)"]
mssql = ["pyodbc"]
mssql-pymssql = ["pymssql"]
mssql-pyodbc = ["pyodbc"]
mypy = ["mypy (>=0.910)"]
mysql = ["mysqlclient (>=1.4.0)"]
mysql-connector = ["mysql-connector-python"]
oracle = ["cx_oracle (>=8)"]
oracle-oracledb = ["oracledb (>=1.0.1)"]
postgresql = ["psycopg2 (>=2.7)"]
postgresql-asyncpg = ["asyncpg", "greenlet (>=1)"]
postgresql-pg8000 = ["pg8000 (>=1.29.1)"]
postgresql-psycopg = ["psycopg (>=3.0.7)"]
postgresql-psycopg2binary = ["psycopg2-binary"]
postgresql-psycopg2cffi = ["psycopg2cffi"]
postgresql-psycopgbinary = ["psycopg[binary] (>=3.0.7)"]
pymysql = ["pymysql"]
sqlcipher = ["sqlcipher3_binary"]

[[package]]
name = "tqdm"
version = "4.67.1"
description = "Fast, Extensible Progress Meter"
optional = false
python-versions = ">=3.7"
groups = ["main"]
files = [
    {file = "tqdm-4.67.1-py3-none-any.whl", hash = "sha256:26445eca388f82e72884e0d580d5464cd801a3ea01e63e5601bdff9ba6a48de2"},
    {file = "tqdm-4.67.1.tar.gz", hash = "sha256:f8aef9c52c08c13a65f30ea34f4e5aac3fd1a34959879d7e59e63027286627f2"},
]

[package.dependencies]
colorama = {version = "*", markers = "platform_system == \"Windows\""}

[package.extras]
dev = ["nbval", "pytest (>=6)", "pytest-asyncio (>=0.24)", "pytest-cov", "pytest-timeout"]
discord = ["requests"]
notebook = ["ipywidgets (>=6)"]
slack = ["slack-sdk"]
telegram = ["requests"]

[[package]]
name = "typer"
version = "0.15.2"
description = "Typer, build great CLIs. Easy to code. Based on Python type hints."
optional = false
python-versions = ">=3.7"
groups = ["main"]
files = [
    {file = "typer-0.15.2-py3-none-any.whl", hash = "sha256:46a499c6107d645a9c13f7ee46c5d5096cae6f5fc57dd11eccbbb9ae3e44ddfc"},
    {file = "typer-0.15.2.tar.gz", hash = "sha256:ab2fab47533a813c49fe1f16b1a370fd5819099c00b119e0633df65f22144ba5"},
]

[package.dependencies]
click = ">=8.0.0"
rich = ">=10.11.0"
shellingham = ">=1.3.0"
typing-extensions = ">=3.7.4.3"

[[package]]
name = "typing-extensions"
version = "4.13.2"
description = "Backported and Experimental Type Hints for Python 3.8+"
optional = false
python-versions = ">=3.8"
groups = ["main"]
files = [
    {file = "typing_extensions-4.13.2-py3-none-any.whl", hash = "sha256:a439e7c04b49fec3e5d3e2beaa21755cadbbdc391694e28ccdd36ca4a1408f8c"},
    {file = "typing_extensions-4.13.2.tar.gz", hash = "sha256:e6c81219bd689f51865d9e372991c540bda33a0379d5573cddb9a3a23f7caaef"},
]

[metadata]
lock-version = "2.1"
python-versions = ">=3.12"
content-hash = "791aec6ec55acdd468ef48f16332b0f1724aa9317164c232c7d8c42108148e58"
